
Microsoft Visual Studio Solution File, Format Version 12.00
# Visual Studio Version 17
VisualStudioVersion = 17.4.33403.182
MinimumVisualStudioVersion = 10.0.40219.1
Project("{FAE04EC0-301F-11D3-BF4B-00C04F79EFBC}") = "ReachMobiWebApplication", "ReachMobiWebApplication\ReachMobiWebApplication.csproj", "{740586CD-72CE-4CF1-AA6D-BE01E6EE7EF6}"
EndProject
Global
	GlobalSection(SolutionConfigurationPlatforms) = preSolution
		Debug|Any CPU = Debug|Any CPU
		Release|Any CPU = Release|Any CPU
	EndGlobalSection
	GlobalSection(ProjectConfigurationPlatforms) = postSolution
		{740586CD-72CE-4CF1-AA6D-BE01E6EE7EF6}.Debug|Any CPU.ActiveCfg = Debug|Any CPU
		{740586CD-72CE-4CF1-AA6D-BE01E6EE7EF6}.Debug|Any CPU.Build.0 = Debug|Any CPU
		{740586CD-72CE-4CF1-AA6D-BE01E6EE7EF6}.Release|Any CPU.ActiveCfg = Release|Any CPU
		{740586CD-72CE-4CF1-AA6D-BE01E6EE7EF6}.Release|Any CPU.Build.0 = Release|Any CPU
	EndGlobalSection
	GlobalSection(SolutionProperties) = preSolution
		HideSolutionNode = FALSE
	EndGlobalSection
	GlobalSection(ExtensibilityGlobals) = postSolution
		SolutionGuid = {F7382159-B819-4CE1-AA5F-8C0452657C88}
	EndGlobalSection
EndGlobal
